
Microsoft Visual Studio Solution File, Format Version 12.00
# Visual Studio Version 17
VisualStudioVersion = 17.5.33627.172
MinimumVisualStudioVersion = 10.0.40219.1
Project("{FAE04EC0-301F-11D3-BF4B-00C04F79EFBC}") = "MemberSystemSample", "MemberSystemSample\MemberSystemSample.csproj", "{F80B911D-6D65-4EB0-9451-EDB01080BC30}"
EndProject
Global
	GlobalSection(SolutionConfigurationPlatforms) = preSolution
		Debug|Any CPU = Debug|Any CPU
		Release|Any CPU = Release|Any CPU
	EndGlobalSection
	GlobalSection(ProjectConfigurationPlatforms) = postSolution
		{F80B911D-6D65-4EB0-9451-EDB01080BC30}.Debug|Any CPU.ActiveCfg = Debug|Any CPU
		{F80B911D-6D65-4EB0-9451-EDB01080BC30}.Debug|Any CPU.Build.0 = Debug|Any CPU
		{F80B911D-6D65-4EB0-9451-EDB01080BC30}.Release|Any CPU.ActiveCfg = Release|Any CPU
		{F80B911D-6D65-4EB0-9451-EDB01080BC30}.Release|Any CPU.Build.0 = Release|Any CPU
	EndGlobalSection
	GlobalSection(SolutionProperties) = preSolution
		HideSolutionNode = FALSE
	EndGlobalSection
	GlobalSection(ExtensibilityGlobals) = postSolution
		SolutionGuid = {C859E061-87FF-40BF-9A16-9D979D5E2A19}
	EndGlobalSection
EndGlobal
